
Microsoft Visual Studio Solution File, Format Version 12.00
# Visual Studio Express 15 for Windows Desktop
VisualStudioVersion = 15.0.28307.438
MinimumVisualStudioVersion = 10.0.40219.1
Project("{FAE04EC0-301F-11D3-BF4B-00C04F79EFBC}") = "GUIMaster", "GUIMaster.csproj", "{9EDCBE44-9C24-462A-8A0A-F9569F19FF6B}"
EndProject
Global
	GlobalSection(SolutionConfigurationPlatforms) = preSolution
		Debug|Any CPU = Debug|Any CPU
		Release|Any CPU = Release|Any CPU
	EndGlobalSection
	GlobalSection(ProjectConfigurationPlatforms) = postSolution
		{9EDCBE44-9C24-462A-8A0A-F9569F19FF6B}.Debug|Any CPU.ActiveCfg = Debug|Any CPU
		{9EDCBE44-9C24-462A-8A0A-F9569F19FF6B}.Debug|Any CPU.Build.0 = Debug|Any CPU
		{9EDCBE44-9C24-462A-8A0A-F9569F19FF6B}.Release|Any CPU.ActiveCfg = Release|Any CPU
		{9EDCBE44-9C24-462A-8A0A-F9569F19FF6B}.Release|Any CPU.Build.0 = Release|Any CPU
	EndGlobalSection
	GlobalSection(SolutionProperties) = preSolution
		HideSolutionNode = FALSE
	EndGlobalSection
	GlobalSection(ExtensibilityGlobals) = postSolution
		SolutionGuid = {64A1D3EB-51D1-4BE1-ABBF-9D73A9701227}
	EndGlobalSection
EndGlobal
